
Microsoft Visual Studio Solution File, Format Version 12.00
# Visual Studio Express 2013 for Windows Desktop
VisualStudioVersion = 12.0.30501.0
MinimumVisualStudioVersion = 10.0.40219.1
Project("{8BC9CEB8-8B4A-11D0-8D11-00A0C91BC942}") = "VanishBar", "VanishBar\VanishBar.vcxproj", "{EEC78A76-FEEB-46CB-AE57-09952A5F011A}"
EndProject
Global
	GlobalSection(SolutionConfigurationPlatforms) = preSolution
		Debug|Win32 = Debug|Win32
		Release|Win32 = Release|Win32
	EndGlobalSection
	GlobalSection(ProjectConfigurationPlatforms) = postSolution
		{EEC78A76-FEEB-46CB-AE57-09952A5F011A}.Debug|Win32.ActiveCfg = Debug|Win32
		{EEC78A76-FEEB-46CB-AE57-09952A5F011A}.Debug|Win32.Build.0 = Debug|Win32
		{EEC78A76-FEEB-46CB-AE57-09952A5F011A}.Release|Win32.ActiveCfg = Release|Win32
		{EEC78A76-FEEB-46CB-AE57-09952A5F011A}.Release|Win32.Build.0 = Release|Win32
	EndGlobalSection
	GlobalSection(SolutionProperties) = preSolution
		HideSolutionNode = FALSE
	EndGlobalSection
EndGlobal
